
Microsoft Visual Studio Solution File, Format Version 12.00
# Visual Studio Version 17
VisualStudioVersion = 17.11.35222.181
MinimumVisualStudioVersion = 10.0.40219.1
Project("{FAE04EC0-301F-11D3-BF4B-00C04F79EFBC}") = "27.01.2025_aggregation_and_polymorphism", "27.01.2025_aggregation_and_polymorphism\27.01.2025_aggregation_and_polymorphism.csproj", "{AEFB5FCE-A1F5-4E31-BB3C-B00504968EAA}"
EndProject
Global
	GlobalSection(SolutionConfigurationPlatforms) = preSolution
		Debug|Any CPU = Debug|Any CPU
		Release|Any CPU = Release|Any CPU
	EndGlobalSection
	GlobalSection(ProjectConfigurationPlatforms) = postSolution
		{AEFB5FCE-A1F5-4E31-BB3C-B00504968EAA}.Debug|Any CPU.ActiveCfg = Debug|Any CPU
		{AEFB5FCE-A1F5-4E31-BB3C-B00504968EAA}.Debug|Any CPU.Build.0 = Debug|Any CPU
		{AEFB5FCE-A1F5-4E31-BB3C-B00504968EAA}.Release|Any CPU.ActiveCfg = Release|Any CPU
		{AEFB5FCE-A1F5-4E31-BB3C-B00504968EAA}.Release|Any CPU.Build.0 = Release|Any CPU
	EndGlobalSection
	GlobalSection(SolutionProperties) = preSolution
		HideSolutionNode = FALSE
	EndGlobalSection
	GlobalSection(ExtensibilityGlobals) = postSolution
		SolutionGuid = {56D87582-C4C8-4562-8B18-3DE078F15BDC}
	EndGlobalSection
EndGlobal
